// !$*UTF8*$!
{
	archiveVersion = 1;
	classes = {
	};
	objectVersion = 45;
	objects = {

/* Begin PBXBuildFile section */
		1DDD58160DA1D0A300B32029 /* MainMenu.xib in Resources */ = {isa = PBXBuildFile; fileRef = 1DDD58140DA1D0A300B32029 /* MainMenu.xib */; };
		8D11072B0486CEB800E47090 /* InfoPlist.strings in Resources */ = {isa = PBXBuildFile; fileRef = 089C165CFE840E0CC02AAC07 /* InfoPlist.strings */; };
		8D11072D0486CEB800E47090 /* main.m in Sources */ = {isa = PBXBuildFile; fileRef = 29B97316FDCFA39411CA2CEA /* main.m */; settings = {ATTRIBUTES = (); }; };
		8D11072F0486CEB800E47090 /* Cocoa.framework in Frameworks */ = {isa = PBXBuildFile; fileRef = 1058C7A1FEA54F0111CA2CBB /* Cocoa.framework */; };
		94911F1D0E51EA3000DAA70E /* Quartz.framework in Frameworks */ = {isa = PBXBuildFile; fileRef = 94911F1B0E51EA3000DAA70E /* Quartz.framework */; };
		94911F1E0E51EA3000DAA70E /* QuartzCore.framework in Frameworks */ = {isa = PBXBuildFile; fileRef = 94911F1C0E51EA3000DAA70E /* QuartzCore.framework */; };
		94911F290E51EA7B00DAA70E /* Controller.m in Sources */ = {isa = PBXBuildFile; fileRef = 94911F280E51EA7B00DAA70E /* Controller.m */; };
		A99B0B91188E7836002891F8 /* AppIcon.png in Resources */ = {isa = PBXBuildFile; fileRef = A99B0B90188E7836002891F8 /* AppIcon.png */; };
		A99B0B95188E7E12002891F8 /* background.png in Resources */ = {isa = PBXBuildFile; fileRef = A99B0B94188E7E12002891F8 /* background.png */; };
		ED244BA4188F5CB900698E98 /* TFMaBF.mp3 in Resources */ = {isa = PBXBuildFile; fileRef = ED244BA3188F5CB900698E98 /* TFMaBF.mp3 */; };
		ED244BA7188F5CC000698E98 /* off.png in Resources */ = {isa = PBXBuildFile; fileRef = ED244BA5188F5CC000698E98 /* off.png */; };
		ED244BA8188F5CC000698E98 /* on.png in Resources */ = {isa = PBXBuildFile; fileRef = ED244BA6188F5CC000698E98 /* on.png */; };
		EDE019F71890AE3400F48DF5 /* locked.png in Resources */ = {isa = PBXBuildFile; fileRef = EDE019F51890AE3400F48DF5 /* locked.png */; };
		EDE019F81890AE3400F48DF5 /* unlocked.png in Resources */ = {isa = PBXBuildFile; fileRef = EDE019F61890AE3400F48DF5 /* unlocked.png */; };
		EDF58F39188F8F99000EF708 /* AVFoundation.framework in Frameworks */ = {isa = PBXBuildFile; fileRef = EDF58F38188F8F99000EF708 /* AVFoundation.framework */; };
		EDF58F3B188F96DB000EF708 /* CoreMedia.framework in Frameworks */ = {isa = PBXBuildFile; fileRef = EDF58F3A188F96DB000EF708 /* CoreMedia.framework */; };
		EDFC5E5318920E5200984BF0 /* award001.png in Resources */ = {isa = PBXBuildFile; fileRef = EDFC5E5018920E5200984BF0 /* award001.png */; };
		EDFC5E5418920E5200984BF0 /* award002.png in Resources */ = {isa = PBXBuildFile; fileRef = EDFC5E5118920E5200984BF0 /* award002.png */; };
		EDFC5E5518920E5200984BF0 /* award003.png in Resources */ = {isa = PBXBuildFile; fileRef = EDFC5E5218920E5200984BF0 /* award003.png */; };
/* End PBXBuildFile section */

/* Begin PBXFileReference section */
		089C165DFE840E0CC02AAC07 /* English */ = {isa = PBXFileReference; fileEncoding = 10; lastKnownFileType = text.plist.strings; name = English; path = English.lproj/InfoPlist.strings; sourceTree = "<group>"; };
		1058C7A1FEA54F0111CA2CBB /* Cocoa.framework */ = {isa = PBXFileReference; lastKnownFileType = wrapper.framework; name = Cocoa.framework; path = /System/Library/Frameworks/Cocoa.framework; sourceTree = "<absolute>"; };
		1DDD58150DA1D0A300B32029 /* English */ = {isa = PBXFileReference; lastKnownFileType = file.xib; name = English; path = English.lproj/MainMenu.xib; sourceTree = "<group>"; };
		29B97316FDCFA39411CA2CEA /* main.m */ = {isa = PBXFileReference; fileEncoding = 4; lastKnownFileType = sourcecode.c.objc; path = main.m; sourceTree = "<group>"; };
		29B97324FDCFA39411CA2CEA /* AppKit.framework */ = {isa = PBXFileReference; lastKnownFileType = wrapper.framework; name = AppKit.framework; path = /System/Library/Frameworks/AppKit.framework; sourceTree = "<absolute>"; };
		29B97325FDCFA39411CA2CEA /* Foundation.framework */ = {isa = PBXFileReference; lastKnownFileType = wrapper.framework; name = Foundation.framework; path = /System/Library/Frameworks/Foundation.framework; sourceTree = "<absolute>"; };
		32CA4F630368D1EE00C91783 /* InnoCellence Lucky Draw_Prefix.pch */ = {isa = PBXFileReference; fileEncoding = 4; lastKnownFileType = sourcecode.c.h; path = "InnoCellence Lucky Draw_Prefix.pch"; sourceTree = "<group>"; };
		8D1107310486CEB800E47090 /* Info.plist */ = {isa = PBXFileReference; fileEncoding = 4; lastKnownFileType = text.plist.xml; path = Info.plist; sourceTree = "<group>"; };
		8D1107320486CEB800E47090 /* InnoCellence Lucky Draw.app */ = {isa = PBXFileReference; explicitFileType = wrapper.application; includeInIndex = 0; path = "InnoCellence Lucky Draw.app"; sourceTree = BUILT_PRODUCTS_DIR; };
		94911F1B0E51EA3000DAA70E /* Quartz.framework */ = {isa = PBXFileReference; lastKnownFileType = wrapper.framework; name = Quartz.framework; path = /System/Library/Frameworks/Quartz.framework; sourceTree = "<absolute>"; };
		94911F1C0E51EA3000DAA70E /* QuartzCore.framework */ = {isa = PBXFileReference; lastKnownFileType = wrapper.framework; name = QuartzCore.framework; path = /System/Library/Frameworks/QuartzCore.framework; sourceTree = "<absolute>"; };
		94911F270E51EA7B00DAA70E /* Controller.h */ = {isa = PBXFileReference; fileEncoding = 4; lastKnownFileType = sourcecode.c.h; path = Controller.h; sourceTree = "<group>"; };
		94911F280E51EA7B00DAA70E /* Controller.m */ = {isa = PBXFileReference; fileEncoding = 4; lastKnownFileType = sourcecode.c.objc; path = Controller.m; sourceTree = "<group>"; };
		A99B0B90188E7836002891F8 /* AppIcon.png */ = {isa = PBXFileReference; lastKnownFileType = image.png; path = AppIcon.png; sourceTree = "<group>"; };
		A99B0B94188E7E12002891F8 /* background.png */ = {isa = PBXFileReference; lastKnownFileType = image.png; path = background.png; sourceTree = "<group>"; };
		ED244BA3188F5CB900698E98 /* TFMaBF.mp3 */ = {isa = PBXFileReference; lastKnownFileType = audio.mp3; name = TFMaBF.mp3; path = Res/TFMaBF.mp3; sourceTree = "<group>"; };
		ED244BA5188F5CC000698E98 /* off.png */ = {isa = PBXFileReference; lastKnownFileType = image.png; name = off.png; path = Res/off.png; sourceTree = "<group>"; };
		ED244BA6188F5CC000698E98 /* on.png */ = {isa = PBXFileReference; lastKnownFileType = image.png; name = on.png; path = Res/on.png; sourceTree = "<group>"; };
		EDE019F51890AE3400F48DF5 /* locked.png */ = {isa = PBXFileReference; lastKnownFileType = image.png; name = locked.png; path = Res/locked.png; sourceTree = "<group>"; };
		EDE019F61890AE3400F48DF5 /* unlocked.png */ = {isa = PBXFileReference; lastKnownFileType = image.png; name = unlocked.png; path = Res/unlocked.png; sourceTree = "<group>"; };
		EDF58F38188F8F99000EF708 /* AVFoundation.framework */ = {isa = PBXFileReference; lastKnownFileType = wrapper.framework; name = AVFoundation.framework; path = Platforms/MacOSX.platform/Developer/SDKs/MacOSX10.9.sdk/System/Library/Frameworks/AVFoundation.framework; sourceTree = DEVELOPER_DIR; };
		EDF58F3A188F96DB000EF708 /* CoreMedia.framework */ = {isa = PBXFileReference; lastKnownFileType = wrapper.framework; name = CoreMedia.framework; path = Platforms/MacOSX.platform/Developer/SDKs/MacOSX10.9.sdk/System/Library/Frameworks/CoreMedia.framework; sourceTree = DEVELOPER_DIR; };
		EDFC5E5018920E5200984BF0 /* award001.png */ = {isa = PBXFileReference; lastKnownFileType = image.png; name = award001.png; path = Res/award001.png; sourceTree = "<group>"; };
		EDFC5E5118920E5200984BF0 /* award002.png */ = {isa = PBXFileReference; lastKnownFileType = image.png; name = award002.png; path = Res/award002.png; sourceTree = "<group>"; };
		EDFC5E5218920E5200984BF0 /* award003.png */ = {isa = PBXFileReference; lastKnownFileType = image.png; name = award003.png; path = Res/award003.png; sourceTree = "<group>"; };
/* End PBXFileReference section */

/* Begin PBXFrameworksBuildPhase section */
		8D11072E0486CEB800E47090 /* Frameworks */ = {
			isa = PBXFrameworksBuildPhase;
			buildActionMask = 2147483647;
			files = (
				EDF58F3B188F96DB000EF708 /* CoreMedia.framework in Frameworks */,
				EDF58F39188F8F99000EF708 /* AVFoundation.framework in Frameworks */,
				8D11072F0486CEB800E47090 /* Cocoa.framework in Frameworks */,
				94911F1D0E51EA3000DAA70E /* Quartz.framework in Frameworks */,
				94911F1E0E51EA3000DAA70E /* QuartzCore.framework in Frameworks */,
			);
			runOnlyForDeploymentPostprocessing = 0;
		};
/* End PBXFrameworksBuildPhase section */

/* Begin PBXGroup section */
		1058C7A0FEA54F0111CA2CBB /* Linked Frameworks */ = {
			isa = PBXGroup;
			children = (
				1058C7A1FEA54F0111CA2CBB /* Cocoa.framework */,
			);
			name = "Linked Frameworks";
			sourceTree = "<group>";
		};
		1058C7A2FEA54F0111CA2CBB /* Other Frameworks */ = {
			isa = PBXGroup;
			children = (
				94911F1B0E51EA3000DAA70E /* Quartz.framework */,
				94911F1C0E51EA3000DAA70E /* QuartzCore.framework */,
				29B97324FDCFA39411CA2CEA /* AppKit.framework */,
				29B97325FDCFA39411CA2CEA /* Foundation.framework */,
			);
			name = "Other Frameworks";
			sourceTree = "<group>";
		};
		19C28FACFE9D520D11CA2CBB /* Products */ = {
			isa = PBXGroup;
			children = (
				8D1107320486CEB800E47090 /* InnoCellence Lucky Draw.app */,
			);
			name = Products;
			sourceTree = "<group>";
		};
		29B97314FDCFA39411CA2CEA /* Lucky Draw */ = {
			isa = PBXGroup;
			children = (
				A99B0B90188E7836002891F8 /* AppIcon.png */,
				29B97315FDCFA39411CA2CEA /* Other Sources */,
				29B97317FDCFA39411CA2CEA /* Resources */,
				29B97323FDCFA39411CA2CEA /* Frameworks */,
				19C28FACFE9D520D11CA2CBB /* Products */,
			);
			name = "Lucky Draw";
			sourceTree = "<group>";
		};
		29B97315FDCFA39411CA2CEA /* Other Sources */ = {
			isa = PBXGroup;
			children = (
				94911F270E51EA7B00DAA70E /* Controller.h */,
				94911F280E51EA7B00DAA70E /* Controller.m */,
				32CA4F630368D1EE00C91783 /* InnoCellence Lucky Draw_Prefix.pch */,
				29B97316FDCFA39411CA2CEA /* main.m */,
			);
			name = "Other Sources";
			sourceTree = "<group>";
		};
		29B97317FDCFA39411CA2CEA /* Resources */ = {
			isa = PBXGroup;
			children = (
				ED244BA3188F5CB900698E98 /* TFMaBF.mp3 */,
				ED244BA2188F5C8700698E98 /* Images */,
				A99B0B94188E7E12002891F8 /* background.png */,
				8D1107310486CEB800E47090 /* Info.plist */,
				089C165CFE840E0CC02AAC07 /* InfoPlist.strings */,
				1DDD58140DA1D0A300B32029 /* MainMenu.xib */,
			);
			name = Resources;
			sourceTree = "<group>";
		};
		29B97323FDCFA39411CA2CEA /* Frameworks */ = {
			isa = PBXGroup;
			children = (
				EDF58F3A188F96DB000EF708 /* CoreMedia.framework */,
				EDF58F38188F8F99000EF708 /* AVFoundation.framework */,
				1058C7A0FEA54F0111CA2CBB /* Linked Frameworks */,
				1058C7A2FEA54F0111CA2CBB /* Other Frameworks */,
			);
			name = Frameworks;
			sourceTree = "<group>";
		};
		ED244BA2188F5C8700698E98 /* Images */ = {
			isa = PBXGroup;
			children = (
				EDE019F51890AE3400F48DF5 /* locked.png */,
				EDE019F61890AE3400F48DF5 /* unlocked.png */,
				ED244BA5188F5CC000698E98 /* off.png */,
				ED244BA6188F5CC000698E98 /* on.png */,
				EDFC5E5618920E5900984BF0 /* award */,
			);
			name = Images;
			sourceTree = "<group>";
		};
		EDFC5E5618920E5900984BF0 /* award */ = {
			isa = PBXGroup;
			children = (
				EDFC5E5018920E5200984BF0 /* award001.png */,
				EDFC5E5118920E5200984BF0 /* award002.png */,
				EDFC5E5218920E5200984BF0 /* award003.png */,
			);
			name = award;
			sourceTree = "<group>";
		};
/* End PBXGroup section */

/* Begin PBXNativeTarget section */
		8D1107260486CEB800E47090 /* InnoCellence Lucky Draw */ = {
			isa = PBXNativeTarget;
			buildConfigurationList = C01FCF4A08A954540054247B /* Build configuration list for PBXNativeTarget "InnoCellence Lucky Draw" */;
			buildPhases = (
				8D1107290486CEB800E47090 /* Resources */,
				8D11072C0486CEB800E47090 /* Sources */,
				8D11072E0486CEB800E47090 /* Frameworks */,
			);
			buildRules = (
			);
			dependencies = (
			);
			name = "InnoCellence Lucky Draw";
			productInstallPath = "$(HOME)/Applications";
			productName = "Lucky Draw";
			productReference = 8D1107320486CEB800E47090 /* InnoCellence Lucky Draw.app */;
			productType = "com.apple.product-type.application";
		};
/* End PBXNativeTarget section */

/* Begin PBXProject section */
		29B97313FDCFA39411CA2CEA /* Project object */ = {
			isa = PBXProject;
			attributes = {
			};
			buildConfigurationList = C01FCF4E08A954540054247B /* Build configuration list for PBXProject "InnoCellence Lucky Draw" */;
			compatibilityVersion = "Xcode 3.1";
			developmentRegion = English;
			hasScannedForEncodings = 1;
			knownRegions = (
				English,
				Japanese,
				French,
				German,
			);
			mainGroup = 29B97314FDCFA39411CA2CEA /* Lucky Draw */;
			projectDirPath = "";
			projectRoot = "";
			targets = (
				8D1107260486CEB800E47090 /* InnoCellence Lucky Draw */,
			);
		};
/* End PBXProject section */

/* Begin PBXResourcesBuildPhase section */
		8D1107290486CEB800E47090 /* Resources */ = {
			isa = PBXResourcesBuildPhase;
			buildActionMask = 2147483647;
			files = (
				A99B0B91188E7836002891F8 /* AppIcon.png in Resources */,
				EDFC5E5318920E5200984BF0 /* award001.png in Resources */,
				ED244BA4188F5CB900698E98 /* TFMaBF.mp3 in Resources */,
				A99B0B95188E7E12002891F8 /* background.png in Resources */,
				EDE019F81890AE3400F48DF5 /* unlocked.png in Resources */,
				ED244BA7188F5CC000698E98 /* off.png in Resources */,
				8D11072B0486CEB800E47090 /* InfoPlist.strings in Resources */,
				ED244BA8188F5CC000698E98 /* on.png in Resources */,
				1DDD58160DA1D0A300B32029 /* MainMenu.xib in Resources */,
				EDFC5E5518920E5200984BF0 /* award003.png in Resources */,
				EDFC5E5418920E5200984BF0 /* award002.png in Resources */,
				EDE019F71890AE3400F48DF5 /* locked.png in Resources */,
			);
			runOnlyForDeploymentPostprocessing = 0;
		};
/* End PBXResourcesBuildPhase section */

/* Begin PBXSourcesBuildPhase section */
		8D11072C0486CEB800E47090 /* Sources */ = {
			isa = PBXSourcesBuildPhase;
			buildActionMask = 2147483647;
			files = (
				8D11072D0486CEB800E47090 /* main.m in Sources */,
				94911F290E51EA7B00DAA70E /* Controller.m in Sources */,
			);
			runOnlyForDeploymentPostprocessing = 0;
		};
/* End PBXSourcesBuildPhase section */

/* Begin PBXVariantGroup section */
		089C165CFE840E0CC02AAC07 /* InfoPlist.strings */ = {
			isa = PBXVariantGroup;
			children = (
				089C165DFE840E0CC02AAC07 /* English */,
			);
			name = InfoPlist.strings;
			sourceTree = "<group>";
		};
		1DDD58140DA1D0A300B32029 /* MainMenu.xib */ = {
			isa = PBXVariantGroup;
			children = (
				1DDD58150DA1D0A300B32029 /* English */,
			);
			name = MainMenu.xib;
			sourceTree = "<group>";
		};
/* End PBXVariantGroup section */

/* Begin XCBuildConfiguration section */
		C01FCF4B08A954540054247B /* Debug */ = {
			isa = XCBuildConfiguration;
			buildSettings = {
				ALWAYS_SEARCH_USER_PATHS = NO;
				ARCHS = "$(ARCHS_STANDARD_64_BIT)";
				COPY_PHASE_STRIP = NO;
				GCC_DYNAMIC_NO_PIC = NO;
				GCC_ENABLE_FIX_AND_CONTINUE = YES;
				GCC_MODEL_TUNING = G5;
				GCC_OPTIMIZATION_LEVEL = 0;
				GCC_PRECOMPILE_PREFIX_HEADER = YES;
				GCC_PREFIX_HEADER = "InnoCellence Lucky Draw_Prefix.pch";
				INFOPLIST_FILE = Info.plist;
				INSTALL_PATH = "$(HOME)/Applications";
				PRODUCT_NAME = "InnoCellence Lucky Draw";
				SDKROOT = macosx10.9;
			};
			name = Debug;
		};
		C01FCF4C08A954540054247B /* Release */ = {
			isa = XCBuildConfiguration;
			buildSettings = {
				ALWAYS_SEARCH_USER_PATHS = NO;
				ARCHS = "$(ARCHS_STANDARD_64_BIT)";
				DEBUG_INFORMATION_FORMAT = "dwarf-with-dsym";
				GCC_MODEL_TUNING = G5;
				GCC_PRECOMPILE_PREFIX_HEADER = YES;
				GCC_PREFIX_HEADER = "InnoCellence Lucky Draw_Prefix.pch";
				INFOPLIST_FILE = Info.plist;
				INSTALL_PATH = "$(HOME)/Applications";
				PRODUCT_NAME = "InnoCellence Lucky Draw";
				SDKROOT = macosx10.9;
			};
			name = Release;
		};
		C01FCF4F08A954540054247B /* Debug */ = {
			isa = XCBuildConfiguration;
			buildSettings = {
				ARCHS = "$(ARCHS_STANDARD_32_BIT)";
				GCC_C_LANGUAGE_STANDARD = c99;
				GCC_OPTIMIZATION_LEVEL = 0;
				GCC_WARN_ABOUT_RETURN_TYPE = YES;
				GCC_WARN_UNUSED_VARIABLE = YES;
				ONLY_ACTIVE_ARCH = YES;
				PREBINDING = NO;
				SDKROOT = macosx10.5;
			};
			name = Debug;
		};
		C01FCF5008A954540054247B /* Release */ = {
			isa = XCBuildConfiguration;
			buildSettings = {
				ARCHS = "$(ARCHS_STANDARD_32_BIT)";
				GCC_C_LANGUAGE_STANDARD = c99;
				GCC_WARN_ABOUT_RETURN_TYPE = YES;
				GCC_WARN_UNUSED_VARIABLE = YES;
				PREBINDING = NO;
				SDKROOT = macosx10.5;
			};
			name = Release;
		};
/* End XCBuildConfiguration section */

/* Begin XCConfigurationList section */
		C01FCF4A08A954540054247B /* Build configuration list for PBXNativeTarget "InnoCellence Lucky Draw" */ = {
			isa = XCConfigurationList;
			buildConfigurations = (
				C01FCF4B08A954540054247B /* Debug */,
				C01FCF4C08A954540054247B /* Release */,
			);
			defaultConfigurationIsVisible = 0;
			defaultConfigurationName = Release;
		};
		C01FCF4E08A954540054247B /* Build configuration list for PBXProject "InnoCellence Lucky Draw" */ = {
			isa = XCConfigurationList;
			buildConfigurations = (
				C01FCF4F08A954540054247B /* Debug */,
				C01FCF5008A954540054247B /* Release */,
			);
			defaultConfigurationIsVisible = 0;
			defaultConfigurationName = Release;
		};
/* End XCConfigurationList section */
	};
	rootObject = 29B97313FDCFA39411CA2CEA /* Project object */;
}
